
Microsoft Visual Studio Solution File, Format Version 12.00
# Visual Studio Version 17
VisualStudioVersion = 17.5.002.0
MinimumVisualStudioVersion = 10.0.40219.1
Project("{9A19103F-16F7-4668-BE54-9A1E7A4F7556}") = "WebServer", "src\WebServer.csproj", "{36A9DC55-E345-4532-9AFF-D8FBBC68A6A8}"
EndProject
Global
	GlobalSection(SolutionConfigurationPlatforms) = preSolution
		Debug|Any CPU = Debug|Any CPU
		Release|Any CPU = Release|Any CPU
	EndGlobalSection
	GlobalSection(ProjectConfigurationPlatforms) = postSolution
		{36A9DC55-E345-4532-9AFF-D8FBBC68A6A8}.Debug|Any CPU.ActiveCfg = Debug|Any CPU
		{36A9DC55-E345-4532-9AFF-D8FBBC68A6A8}.Debug|Any CPU.Build.0 = Debug|Any CPU
		{36A9DC55-E345-4532-9AFF-D8FBBC68A6A8}.Release|Any CPU.ActiveCfg = Release|Any CPU
		{36A9DC55-E345-4532-9AFF-D8FBBC68A6A8}.Release|Any CPU.Build.0 = Release|Any CPU
	EndGlobalSection
	GlobalSection(SolutionProperties) = preSolution
		HideSolutionNode = FALSE
	EndGlobalSection
	GlobalSection(ExtensibilityGlobals) = postSolution
		SolutionGuid = {B040C244-C601-44AB-84F9-30D59FC84652}
	EndGlobalSection
EndGlobal
