
Microsoft Visual Studio Solution File, Format Version 12.00
# Visual Studio Version 17
VisualStudioVersion = 17.0.31903.59
MinimumVisualStudioVersion = 10.0.40219.1
Project("{2150E333-8FDC-42A3-9474-1A3956D46DE8}") = "App", "App", "{2E40EE30-A710-4293-BA2E-129EA0732606}"
EndProject
Project("{FAE04EC0-301F-11D3-BF4B-00C04F79EFBC}") = "App", "App\src\App.csproj", "{5D65B2D0-A993-48F6-8C62-4B8FB8D51394}"
EndProject
Global
	GlobalSection(SolutionConfigurationPlatforms) = preSolution
		Debug|Any CPU = Debug|Any CPU
		Release|Any CPU = Release|Any CPU
	EndGlobalSection
	GlobalSection(SolutionProperties) = preSolution
		HideSolutionNode = FALSE
	EndGlobalSection
	GlobalSection(ProjectConfigurationPlatforms) = postSolution
		{5D65B2D0-A993-48F6-8C62-4B8FB8D51394}.Debug|Any CPU.ActiveCfg = Debug|Any CPU
		{5D65B2D0-A993-48F6-8C62-4B8FB8D51394}.Debug|Any CPU.Build.0 = Debug|Any CPU
		{5D65B2D0-A993-48F6-8C62-4B8FB8D51394}.Release|Any CPU.ActiveCfg = Release|Any CPU
		{5D65B2D0-A993-48F6-8C62-4B8FB8D51394}.Release|Any CPU.Build.0 = Release|Any CPU
	EndGlobalSection
	GlobalSection(NestedProjects) = preSolution
		{5D65B2D0-A993-48F6-8C62-4B8FB8D51394} = {2E40EE30-A710-4293-BA2E-129EA0732606}
	EndGlobalSection
EndGlobal
